// !$*UTF8*$!
{
	archiveVersion = 1;
	classes = {
	};
	objectVersion = 50;
	objects = {

/* Begin PBXBuildFile section */
		89F38A25227B430617CF8B1E /* Pods_AR_Drawing.framework in Frameworks */ = {isa = PBXBuildFile; fileRef = 1BA8032816815300394DE5F9 /* Pods_AR_Drawing.framework */; };
		D60CD08B219EBF1400E63228 /* DrawingState.swift in Sources */ = {isa = PBXBuildFile; fileRef = D60CD08A219EBF1400E63228 /* DrawingState.swift */; };
		D60CD08D219EBF4300E63228 /* TypingState.swift in Sources */ = {isa = PBXBuildFile; fileRef = D60CD08C219EBF4300E63228 /* TypingState.swift */; };
		D60CD08F219EBF5100E63228 /* PlacingState.swift in Sources */ = {isa = PBXBuildFile; fileRef = D60CD08E219EBF5100E63228 /* PlacingState.swift */; };
		D60CD091219EBF6000E63228 /* EditingState.swift in Sources */ = {isa = PBXBuildFile; fileRef = D60CD090219EBF6000E63228 /* EditingState.swift */; };
		D60CD093219EC07700E63228 /* State.swift in Sources */ = {isa = PBXBuildFile; fileRef = D60CD092219EC07700E63228 /* State.swift */; };
		D60CD099219ED58300E63228 /* ImageTracker.swift in Sources */ = {isa = PBXBuildFile; fileRef = D60CD098219ED58300E63228 /* ImageTracker.swift */; };
		D60CD09C219EEDCC00E63228 /* SnapshotAnchor.swift in Sources */ = {isa = PBXBuildFile; fileRef = D60CD09B219EEDCB00E63228 /* SnapshotAnchor.swift */; };
		D60CD09E219EEE3E00E63228 /* ImageNode.swift in Sources */ = {isa = PBXBuildFile; fileRef = D60CD09D219EEE3E00E63228 /* ImageNode.swift */; };
		D60CD0A0219EF66000E63228 /* NodeAnchor.swift in Sources */ = {isa = PBXBuildFile; fileRef = D60CD09F219EF66000E63228 /* NodeAnchor.swift */; };
		D612F3C3219C11EA007D4EC2 /* TextNode.swift in Sources */ = {isa = PBXBuildFile; fileRef = D612F3C2219C11EA007D4EC2 /* TextNode.swift */; };
		D62CBA6221809998006D27C0 /* Plane.swift in Sources */ = {isa = PBXBuildFile; fileRef = D62CBA6121809998006D27C0 /* Plane.swift */; };
		D62CBA64218099CF006D27C0 /* DrawingScene.sks in Resources */ = {isa = PBXBuildFile; fileRef = D62CBA63218099CF006D27C0 /* DrawingScene.sks */; };
		D63CBDFA21B68A0D00874672 /* SaveMapViewController.swift in Sources */ = {isa = PBXBuildFile; fileRef = D63CBDF921B68A0D00874672 /* SaveMapViewController.swift */; };
		D63CBE0121B6AB0C00874672 /* WorldMapTableViewCell.swift in Sources */ = {isa = PBXBuildFile; fileRef = D63CBE0021B6AB0C00874672 /* WorldMapTableViewCell.swift */; };
		D63CBE0321B6ADC800874672 /* LoadMapViewControllerTableViewController.swift in Sources */ = {isa = PBXBuildFile; fileRef = D63CBE0221B6ADC800874672 /* LoadMapViewControllerTableViewController.swift */; };
		D651CC4D217F630F002E15AF /* DrawingSceneColors.swift in Sources */ = {isa = PBXBuildFile; fileRef = D651CC4C217F630F002E15AF /* DrawingSceneColors.swift */; };
		D651CC51218065F7002E15AF /* BrushSizeSlider.swift in Sources */ = {isa = PBXBuildFile; fileRef = D651CC50218065F7002E15AF /* BrushSizeSlider.swift */; };
		D6A97F4B2175CEF600EC7AAB /* AppDelegate.swift in Sources */ = {isa = PBXBuildFile; fileRef = D6A97F4A2175CEF600EC7AAB /* AppDelegate.swift */; };
		D6A97F4F2175CEF600EC7AAB /* ViewController.swift in Sources */ = {isa = PBXBuildFile; fileRef = D6A97F4E2175CEF600EC7AAB /* ViewController.swift */; };
		D6A97F522175CEF600EC7AAB /* Main.storyboard in Resources */ = {isa = PBXBuildFile; fileRef = D6A97F502175CEF600EC7AAB /* Main.storyboard */; };
		D6A97F542175CEF600EC7AAB /* Assets.xcassets in Resources */ = {isa = PBXBuildFile; fileRef = D6A97F532175CEF600EC7AAB /* Assets.xcassets */; };
		D6A97F572175CEF600EC7AAB /* LaunchScreen.storyboard in Resources */ = {isa = PBXBuildFile; fileRef = D6A97F552175CEF600EC7AAB /* LaunchScreen.storyboard */; };
		D6BD159F2192F63300DCB3F5 /* Assets.scnassets in Resources */ = {isa = PBXBuildFile; fileRef = D6BD159E2192F63300DCB3F5 /* Assets.scnassets */; };
		D6F1FDCC21A4031100D326A7 /* WorldMapper.swift in Sources */ = {isa = PBXBuildFile; fileRef = D6F1FDCB21A4031100D326A7 /* WorldMapper.swift */; };
/* End PBXBuildFile section */

/* Begin PBXFileReference section */
		1BA8032816815300394DE5F9 /* Pods_AR_Drawing.framework */ = {isa = PBXFileReference; explicitFileType = wrapper.framework; includeInIndex = 0; path = Pods_AR_Drawing.framework; sourceTree = BUILT_PRODUCTS_DIR; };
		582DBD839C624B2FA1146A81 /* Pods-AR Drawing.debug.xcconfig */ = {isa = PBXFileReference; includeInIndex = 1; lastKnownFileType = text.xcconfig; name = "Pods-AR Drawing.debug.xcconfig"; path = "Pods/Target Support Files/Pods-AR Drawing/Pods-AR Drawing.debug.xcconfig"; sourceTree = "<group>"; };
		D60CD08A219EBF1400E63228 /* DrawingState.swift */ = {isa = PBXFileReference; lastKnownFileType = sourcecode.swift; path = DrawingState.swift; sourceTree = "<group>"; };
		D60CD08C219EBF4300E63228 /* TypingState.swift */ = {isa = PBXFileReference; fileEncoding = 4; lastKnownFileType = sourcecode.swift; path = TypingState.swift; sourceTree = "<group>"; };
		D60CD08E219EBF5100E63228 /* PlacingState.swift */ = {isa = PBXFileReference; fileEncoding = 4; lastKnownFileType = sourcecode.swift; path = PlacingState.swift; sourceTree = "<group>"; };
		D60CD090219EBF6000E63228 /* EditingState.swift */ = {isa = PBXFileReference; fileEncoding = 4; lastKnownFileType = sourcecode.swift; path = EditingState.swift; sourceTree = "<group>"; };
		D60CD092219EC07700E63228 /* State.swift */ = {isa = PBXFileReference; lastKnownFileType = sourcecode.swift; path = State.swift; sourceTree = "<group>"; };
		D60CD098219ED58300E63228 /* ImageTracker.swift */ = {isa = PBXFileReference; lastKnownFileType = sourcecode.swift; name = ImageTracker.swift; path = "/Users/wouterrappe/Desktop/AR-Drawing-master/AR Drawing/ImageTracker.swift"; sourceTree = "<absolute>"; };
		D60CD09B219EEDCB00E63228 /* SnapshotAnchor.swift */ = {isa = PBXFileReference; lastKnownFileType = sourcecode.swift; path = SnapshotAnchor.swift; sourceTree = "<group>"; };
		D60CD09D219EEE3E00E63228 /* ImageNode.swift */ = {isa = PBXFileReference; lastKnownFileType = sourcecode.swift; path = ImageNode.swift; sourceTree = "<group>"; };
		D60CD09F219EF66000E63228 /* NodeAnchor.swift */ = {isa = PBXFileReference; lastKnownFileType = sourcecode.swift; path = NodeAnchor.swift; sourceTree = "<group>"; };
		D612F3C2219C11EA007D4EC2 /* TextNode.swift */ = {isa = PBXFileReference; lastKnownFileType = sourcecode.swift; path = TextNode.swift; sourceTree = "<group>"; };
		D62CBA6121809998006D27C0 /* Plane.swift */ = {isa = PBXFileReference; fileEncoding = 4; lastKnownFileType = sourcecode.swift; path = Plane.swift; sourceTree = "<group>"; };
		D62CBA63218099CF006D27C0 /* DrawingScene.sks */ = {isa = PBXFileReference; lastKnownFileType = file.sks; path = DrawingScene.sks; sourceTree = "<group>"; };
		D63CBDF921B68A0D00874672 /* SaveMapViewController.swift */ = {isa = PBXFileReference; lastKnownFileType = sourcecode.swift; path = SaveMapViewController.swift; sourceTree = "<group>"; };
		D63CBE0021B6AB0C00874672 /* WorldMapTableViewCell.swift */ = {isa = PBXFileReference; lastKnownFileType = sourcecode.swift; path = WorldMapTableViewCell.swift; sourceTree = "<group>"; };
		D63CBE0221B6ADC800874672 /* LoadMapViewControllerTableViewController.swift */ = {isa = PBXFileReference; lastKnownFileType = sourcecode.swift; path = LoadMapViewControllerTableViewController.swift; sourceTree = "<group>"; };
		D651CC4C217F630F002E15AF /* DrawingSceneColors.swift */ = {isa = PBXFileReference; lastKnownFileType = sourcecode.swift; path = DrawingSceneColors.swift; sourceTree = "<group>"; };
		D651CC50218065F7002E15AF /* BrushSizeSlider.swift */ = {isa = PBXFileReference; lastKnownFileType = sourcecode.swift; path = BrushSizeSlider.swift; sourceTree = "<group>"; };
		D6A97F472175CEF600EC7AAB /* AR Drawing.app */ = {isa = PBXFileReference; explicitFileType = wrapper.application; includeInIndex = 0; path = "AR Drawing.app"; sourceTree = BUILT_PRODUCTS_DIR; };
		D6A97F4A2175CEF600EC7AAB /* AppDelegate.swift */ = {isa = PBXFileReference; lastKnownFileType = sourcecode.swift; path = AppDelegate.swift; sourceTree = "<group>"; };
		D6A97F4E2175CEF600EC7AAB /* ViewController.swift */ = {isa = PBXFileReference; lastKnownFileType = sourcecode.swift; path = ViewController.swift; sourceTree = "<group>"; };
		D6A97F512175CEF600EC7AAB /* Base */ = {isa = PBXFileReference; lastKnownFileType = file.storyboard; name = Base; path = Base.lproj/Main.storyboard; sourceTree = "<group>"; };
		D6A97F532175CEF600EC7AAB /* Assets.xcassets */ = {isa = PBXFileReference; lastKnownFileType = folder.assetcatalog; path = Assets.xcassets; sourceTree = "<group>"; };
		D6A97F562175CEF600EC7AAB /* Base */ = {isa = PBXFileReference; lastKnownFileType = file.storyboard; name = Base; path = Base.lproj/LaunchScreen.storyboard; sourceTree = "<group>"; };
		D6A97F582175CEF600EC7AAB /* Info.plist */ = {isa = PBXFileReference; lastKnownFileType = text.plist.xml; path = Info.plist; sourceTree = "<group>"; };
		D6BD159E2192F63300DCB3F5 /* Assets.scnassets */ = {isa = PBXFileReference; lastKnownFileType = wrapper.scnassets; path = Assets.scnassets; sourceTree = "<group>"; };
		D6F1FDCB21A4031100D326A7 /* WorldMapper.swift */ = {isa = PBXFileReference; lastKnownFileType = sourcecode.swift; path = WorldMapper.swift; sourceTree = "<group>"; };
		F59F0BF50DD75A1461100350 /* Pods-AR Drawing.release.xcconfig */ = {isa = PBXFileReference; includeInIndex = 1; lastKnownFileType = text.xcconfig; name = "Pods-AR Drawing.release.xcconfig"; path = "Pods/Target Support Files/Pods-AR Drawing/Pods-AR Drawing.release.xcconfig"; sourceTree = "<group>"; };
/* End PBXFileReference section */

/* Begin PBXFrameworksBuildPhase section */
		D6A97F442175CEF600EC7AAB /* Frameworks */ = {
			isa = PBXFrameworksBuildPhase;
			buildActionMask = 2147483647;
			files = (
				89F38A25227B430617CF8B1E /* Pods_AR_Drawing.framework in Frameworks */,
			);
			runOnlyForDeploymentPostprocessing = 0;
		};
/* End PBXFrameworksBuildPhase section */

/* Begin PBXGroup section */
		B1594B3AB6D565423756A155 /* Frameworks */ = {
			isa = PBXGroup;
			children = (
				1BA8032816815300394DE5F9 /* Pods_AR_Drawing.framework */,
			);
			name = Frameworks;
			sourceTree = "<group>";
		};
		D60CD089219EBED800E63228 /* ScribbleStates */ = {
			isa = PBXGroup;
			children = (
				D60CD08A219EBF1400E63228 /* DrawingState.swift */,
				D60CD08C219EBF4300E63228 /* TypingState.swift */,
				D60CD08E219EBF5100E63228 /* PlacingState.swift */,
				D60CD090219EBF6000E63228 /* EditingState.swift */,
				D60CD092219EC07700E63228 /* State.swift */,
			);
			path = ScribbleStates;
			sourceTree = "<group>";
		};
		D60CD09A219EED6300E63228 /* SceneComponents */ = {
			isa = PBXGroup;
			children = (
				D60CD09B219EEDCB00E63228 /* SnapshotAnchor.swift */,
				D60CD09F219EF66000E63228 /* NodeAnchor.swift */,
				D62CBA6121809998006D27C0 /* Plane.swift */,
				D612F3C2219C11EA007D4EC2 /* TextNode.swift */,
				D60CD09D219EEE3E00E63228 /* ImageNode.swift */,
			);
			path = SceneComponents;
			sourceTree = "<group>";
		};
		D63CBDFB21B6A90700874672 /* ViewControllers */ = {
			isa = PBXGroup;
			children = (
				D6A97F4E2175CEF600EC7AAB /* ViewController.swift */,
				D63CBDF921B68A0D00874672 /* SaveMapViewController.swift */,
				D63CBE0221B6ADC800874672 /* LoadMapViewControllerTableViewController.swift */,
			);
			path = ViewControllers;
			sourceTree = "<group>";
		};
		D6A97F3E2175CEF600EC7AAB = {
			isa = PBXGroup;
			children = (
				D6A97F492175CEF600EC7AAB /* AR Drawing */,
				D6A97F482175CEF600EC7AAB /* Products */,
				E7415DC756B30DC8F93BF514 /* Pods */,
				B1594B3AB6D565423756A155 /* Frameworks */,
			);
			sourceTree = "<group>";
		};
		D6A97F482175CEF600EC7AAB /* Products */ = {
			isa = PBXGroup;
			children = (
				D6A97F472175CEF600EC7AAB /* AR Drawing.app */,
			);
			name = Products;
			sourceTree = "<group>";
		};
		D6A97F492175CEF600EC7AAB /* AR Drawing */ = {
			isa = PBXGroup;
			children = (
				D63CBDFB21B6A90700874672 /* ViewControllers */,
				D60CD089219EBED800E63228 /* ScribbleStates */,
				D60CD09A219EED6300E63228 /* SceneComponents */,
				D60CD098219ED58300E63228 /* ImageTracker.swift */,
				D6A97F4A2175CEF600EC7AAB /* AppDelegate.swift */,
				D6F1FDCB21A4031100D326A7 /* WorldMapper.swift */,
				D651CC4C217F630F002E15AF /* DrawingSceneColors.swift */,
				D651CC50218065F7002E15AF /* BrushSizeSlider.swift */,
				D63CBE0021B6AB0C00874672 /* WorldMapTableViewCell.swift */,
				D6A97F532175CEF600EC7AAB /* Assets.xcassets */,
				D6BD159E2192F63300DCB3F5 /* Assets.scnassets */,
				D6A97F552175CEF600EC7AAB /* LaunchScreen.storyboard */,
				D6A97F502175CEF600EC7AAB /* Main.storyboard */,
				D6A97F582175CEF600EC7AAB /* Info.plist */,
				D62CBA63218099CF006D27C0 /* DrawingScene.sks */,
			);
			path = "AR Drawing";
			sourceTree = "<group>";
		};
		E7415DC756B30DC8F93BF514 /* Pods */ = {
			isa = PBXGroup;
			children = (
				582DBD839C624B2FA1146A81 /* Pods-AR Drawing.debug.xcconfig */,
				F59F0BF50DD75A1461100350 /* Pods-AR Drawing.release.xcconfig */,
			);
			name = Pods;
			sourceTree = "<group>";
		};
/* End PBXGroup section */

/* Begin PBXNativeTarget section */
		D6A97F462175CEF600EC7AAB /* AR Drawing */ = {
			isa = PBXNativeTarget;
			buildConfigurationList = D6A97F5B2175CEF600EC7AAB /* Build configuration list for PBXNativeTarget "AR Drawing" */;
			buildPhases = (
				44F4C3F8FAEF12EEB8A4B693 /* [CP] Check Pods Manifest.lock */,
				D6A97F432175CEF600EC7AAB /* Sources */,
				D6A97F442175CEF600EC7AAB /* Frameworks */,
				D6A97F452175CEF600EC7AAB /* Resources */,
				01D07F7767A705023A2E66AD /* [CP] Embed Pods Frameworks */,
			);
			buildRules = (
			);
			dependencies = (
			);
			name = "AR Drawing";
			productName = ARSCNScribble;
			productReference = D6A97F472175CEF600EC7AAB /* AR Drawing.app */;
			productType = "com.apple.product-type.application";
		};
/* End PBXNativeTarget section */

/* Begin PBXProject section */
		D6A97F3F2175CEF600EC7AAB /* Project object */ = {
			isa = PBXProject;
			attributes = {
				LastSwiftUpdateCheck = 1000;
				LastUpgradeCheck = 1000;
				ORGANIZATIONNAME = Azumuta;
				TargetAttributes = {
					D6A97F462175CEF600EC7AAB = {
						CreatedOnToolsVersion = 10.0;
					};
				};
			};
			buildConfigurationList = D6A97F422175CEF600EC7AAB /* Build configuration list for PBXProject "AR Drawing" */;
			compatibilityVersion = "Xcode 9.3";
			developmentRegion = en;
			hasScannedForEncodings = 0;
			knownRegions = (
				en,
				Base,
			);
			mainGroup = D6A97F3E2175CEF600EC7AAB;
			productRefGroup = D6A97F482175CEF600EC7AAB /* Products */;
			projectDirPath = "";
			projectRoot = "";
			targets = (
				D6A97F462175CEF600EC7AAB /* AR Drawing */,
			);
		};
/* End PBXProject section */

/* Begin PBXResourcesBuildPhase section */
		D6A97F452175CEF600EC7AAB /* Resources */ = {
			isa = PBXResourcesBuildPhase;
			buildActionMask = 2147483647;
			files = (
				D62CBA64218099CF006D27C0 /* DrawingScene.sks in Resources */,
				D6BD159F2192F63300DCB3F5 /* Assets.scnassets in Resources */,
				D6A97F572175CEF600EC7AAB /* LaunchScreen.storyboard in Resources */,
				D6A97F542175CEF600EC7AAB /* Assets.xcassets in Resources */,
				D6A97F522175CEF600EC7AAB /* Main.storyboard in Resources */,
			);
			runOnlyForDeploymentPostprocessing = 0;
		};
/* End PBXResourcesBuildPhase section */

/* Begin PBXShellScriptBuildPhase section */
		01D07F7767A705023A2E66AD /* [CP] Embed Pods Frameworks */ = {
			isa = PBXShellScriptBuildPhase;
			buildActionMask = 2147483647;
			files = (
			);
			inputFileListPaths = (
			);
			inputPaths = (
				"${SRCROOT}/Pods/Target Support Files/Pods-AR Drawing/Pods-AR Drawing-frameworks.sh",
				"${BUILT_PRODUCTS_DIR}/PDColorPicker/PDColorPicker.framework",
			);
			name = "[CP] Embed Pods Frameworks";
			outputFileListPaths = (
			);
			outputPaths = (
				"${TARGET_BUILD_DIR}/${FRAMEWORKS_FOLDER_PATH}/PDColorPicker.framework",
			);
			runOnlyForDeploymentPostprocessing = 0;
			shellPath = /bin/sh;
			shellScript = "\"${SRCROOT}/Pods/Target Support Files/Pods-AR Drawing/Pods-AR Drawing-frameworks.sh\"\n";
			showEnvVarsInLog = 0;
		};
		44F4C3F8FAEF12EEB8A4B693 /* [CP] Check Pods Manifest.lock */ = {
			isa = PBXShellScriptBuildPhase;
			buildActionMask = 2147483647;
			files = (
			);
			inputFileListPaths = (
			);
			inputPaths = (
				"${PODS_PODFILE_DIR_PATH}/Podfile.lock",
				"${PODS_ROOT}/Manifest.lock",
			);
			name = "[CP] Check Pods Manifest.lock";
			outputFileListPaths = (
			);
			outputPaths = (
				"$(DERIVED_FILE_DIR)/Pods-AR Drawing-checkManifestLockResult.txt",
			);
			runOnlyForDeploymentPostprocessing = 0;
			shellPath = /bin/sh;
			shellScript = "diff \"${PODS_PODFILE_DIR_PATH}/Podfile.lock\" \"${PODS_ROOT}/Manifest.lock\" > /dev/null\nif [ $? != 0 ] ; then\n    # print error to STDERR\n    echo \"error: The sandbox is not in sync with the Podfile.lock. Run 'pod install' or update your CocoaPods installation.\" >&2\n    exit 1\nfi\n# This output is used by Xcode 'outputs' to avoid re-running this script phase.\necho \"SUCCESS\" > \"${SCRIPT_OUTPUT_FILE_0}\"\n";
			showEnvVarsInLog = 0;
		};
/* End PBXShellScriptBuildPhase section */

/* Begin PBXSourcesBuildPhase section */
		D6A97F432175CEF600EC7AAB /* Sources */ = {
			isa = PBXSourcesBuildPhase;
			buildActionMask = 2147483647;
			files = (
				D60CD08D219EBF4300E63228 /* TypingState.swift in Sources */,
				D6F1FDCC21A4031100D326A7 /* WorldMapper.swift in Sources */,
				D60CD099219ED58300E63228 /* ImageTracker.swift in Sources */,
				D60CD093219EC07700E63228 /* State.swift in Sources */,
				D63CBE0321B6ADC800874672 /* LoadMapViewControllerTableViewController.swift in Sources */,
				D6A97F4F2175CEF600EC7AAB /* ViewController.swift in Sources */,
				D651CC51218065F7002E15AF /* BrushSizeSlider.swift in Sources */,
				D651CC4D217F630F002E15AF /* DrawingSceneColors.swift in Sources */,
				D60CD091219EBF6000E63228 /* EditingState.swift in Sources */,
				D63CBE0121B6AB0C00874672 /* WorldMapTableViewCell.swift in Sources */,
				D60CD0A0219EF66000E63228 /* NodeAnchor.swift in Sources */,
				D6A97F4B2175CEF600EC7AAB /* AppDelegate.swift in Sources */,
				D612F3C3219C11EA007D4EC2 /* TextNode.swift in Sources */,
				D60CD09C219EEDCC00E63228 /* SnapshotAnchor.swift in Sources */,
				D60CD08F219EBF5100E63228 /* PlacingState.swift in Sources */,
				D63CBDFA21B68A0D00874672 /* SaveMapViewController.swift in Sources */,
				D60CD09E219EEE3E00E63228 /* ImageNode.swift in Sources */,
				D60CD08B219EBF1400E63228 /* DrawingState.swift in Sources */,
				D62CBA6221809998006D27C0 /* Plane.swift in Sources */,
			);
			runOnlyForDeploymentPostprocessing = 0;
		};
/* End PBXSourcesBuildPhase section */

/* Begin PBXVariantGroup section */
		D6A97F502175CEF600EC7AAB /* Main.storyboard */ = {
			isa = PBXVariantGroup;
			children = (
				D6A97F512175CEF600EC7AAB /* Base */,
			);
			name = Main.storyboard;
			sourceTree = "<group>";
		};
		D6A97F552175CEF600EC7AAB /* LaunchScreen.storyboard */ = {
			isa = PBXVariantGroup;
			children = (
				D6A97F562175CEF600EC7AAB /* Base */,
			);
			name = LaunchScreen.storyboard;
			sourceTree = "<group>";
		};
/* End PBXVariantGroup section */

/* Begin XCBuildConfiguration section */
		D6A97F592175CEF600EC7AAB /* Debug */ = {
			isa = XCBuildConfiguration;
			buildSettings = {
				ALWAYS_SEARCH_USER_PATHS = NO;
				CLANG_ANALYZER_NONNULL = YES;
				CLANG_ANALYZER_NUMBER_OBJECT_CONVERSION = YES_AGGRESSIVE;
				CLANG_CXX_LANGUAGE_STANDARD = "gnu++14";
				CLANG_CXX_LIBRARY = "libc++";
				CLANG_ENABLE_MODULES = YES;
				CLANG_ENABLE_OBJC_ARC = YES;
				CLANG_ENABLE_OBJC_WEAK = YES;
				CLANG_WARN_BLOCK_CAPTURE_AUTORELEASING = YES;
				CLANG_WARN_BOOL_CONVERSION = YES;
				CLANG_WARN_COMMA = YES;
				CLANG_WARN_CONSTANT_CONVERSION = YES;
				CLANG_WARN_DEPRECATED_OBJC_IMPLEMENTATIONS = YES;
				CLANG_WARN_DIRECT_OBJC_ISA_USAGE = YES_ERROR;
				CLANG_WARN_DOCUMENTATION_COMMENTS = YES;
				CLANG_WARN_EMPTY_BODY = YES;
				CLANG_WARN_ENUM_CONVERSION = YES;
				CLANG_WARN_INFINITE_RECURSION = YES;
				CLANG_WARN_INT_CONVERSION = YES;
				CLANG_WARN_NON_LITERAL_NULL_CONVERSION = YES;
				CLANG_WARN_OBJC_IMPLICIT_RETAIN_SELF = YES;
				CLANG_WARN_OBJC_LITERAL_CONVERSION = YES;
				CLANG_WARN_OBJC_ROOT_CLASS = YES_ERROR;
				CLANG_WARN_RANGE_LOOP_ANALYSIS = YES;
				CLANG_WARN_STRICT_PROTOTYPES = YES;
				CLANG_WARN_SUSPICIOUS_MOVE = YES;
				CLANG_WARN_UNGUARDED_AVAILABILITY = YES_AGGRESSIVE;
				CLANG_WARN_UNREACHABLE_CODE = YES;
				CLANG_WARN__DUPLICATE_METHOD_MATCH = YES;
				CODE_SIGN_IDENTITY = "iPhone Developer";
				COPY_PHASE_STRIP = NO;
				DEBUG_INFORMATION_FORMAT = dwarf;
				ENABLE_STRICT_OBJC_MSGSEND = YES;
				ENABLE_TESTABILITY = YES;
				GCC_C_LANGUAGE_STANDARD = gnu11;
				GCC_DYNAMIC_NO_PIC = NO;
				GCC_NO_COMMON_BLOCKS = YES;
				GCC_OPTIMIZATION_LEVEL = 0;
				GCC_PREPROCESSOR_DEFINITIONS = (
					"DEBUG=1",
					"$(inherited)",
				);
				GCC_WARN_64_TO_32_BIT_CONVERSION = YES;
				GCC_WARN_ABOUT_RETURN_TYPE = YES_ERROR;
				GCC_WARN_UNDECLARED_SELECTOR = YES;
				GCC_WARN_UNINITIALIZED_AUTOS = YES_AGGRESSIVE;
				GCC_WARN_UNUSED_FUNCTION = YES;
				GCC_WARN_UNUSED_VARIABLE = YES;
				IPHONEOS_DEPLOYMENT_TARGET = 12.0;
				MTL_ENABLE_DEBUG_INFO = INCLUDE_SOURCE;
				MTL_FAST_MATH = YES;
				ONLY_ACTIVE_ARCH = YES;
				SDKROOT = iphoneos;
				SWIFT_ACTIVE_COMPILATION_CONDITIONS = DEBUG;
				SWIFT_OPTIMIZATION_LEVEL = "-Onone";
			};
			name = Debug;
		};
		D6A97F5A2175CEF600EC7AAB /* Release */ = {
			isa = XCBuildConfiguration;
			buildSettings = {
				ALWAYS_SEARCH_USER_PATHS = NO;
				CLANG_ANALYZER_NONNULL = YES;
				CLANG_ANALYZER_NUMBER_OBJECT_CONVERSION = YES_AGGRESSIVE;
				CLANG_CXX_LANGUAGE_STANDARD = "gnu++14";
				CLANG_CXX_LIBRARY = "libc++";
				CLANG_ENABLE_MODULES = YES;
				CLANG_ENABLE_OBJC_ARC = YES;
				CLANG_ENABLE_OBJC_WEAK = YES;
				CLANG_WARN_BLOCK_CAPTURE_AUTORELEASING = YES;
				CLANG_WARN_BOOL_CONVERSION = YES;
				CLANG_WARN_COMMA = YES;
				CLANG_WARN_CONSTANT_CONVERSION = YES;
				CLANG_WARN_DEPRECATED_OBJC_IMPLEMENTATIONS = YES;
				CLANG_WARN_DIRECT_OBJC_ISA_USAGE = YES_ERROR;
				CLANG_WARN_DOCUMENTATION_COMMENTS = YES;
				CLANG_WARN_EMPTY_BODY = YES;
				CLANG_WARN_ENUM_CONVERSION = YES;
				CLANG_WARN_INFINITE_RECURSION = YES;
				CLANG_WARN_INT_CONVERSION = YES;
				CLANG_WARN_NON_LITERAL_NULL_CONVERSION = YES;
				CLANG_WARN_OBJC_IMPLICIT_RETAIN_SELF = YES;
				CLANG_WARN_OBJC_LITERAL_CONVERSION = YES;
				CLANG_WARN_OBJC_ROOT_CLASS = YES_ERROR;
				CLANG_WARN_RANGE_LOOP_ANALYSIS = YES;
				CLANG_WARN_STRICT_PROTOTYPES = YES;
				CLANG_WARN_SUSPICIOUS_MOVE = YES;
				CLANG_WARN_UNGUARDED_AVAILABILITY = YES_AGGRESSIVE;
				CLANG_WARN_UNREACHABLE_CODE = YES;
				CLANG_WARN__DUPLICATE_METHOD_MATCH = YES;
				CODE_SIGN_IDENTITY = "iPhone Developer";
				COPY_PHASE_STRIP = NO;
				DEBUG_INFORMATION_FORMAT = "dwarf-with-dsym";
				ENABLE_NS_ASSERTIONS = NO;
				ENABLE_STRICT_OBJC_MSGSEND = YES;
				GCC_C_LANGUAGE_STANDARD = gnu11;
				GCC_NO_COMMON_BLOCKS = YES;
				GCC_WARN_64_TO_32_BIT_CONVERSION = YES;
				GCC_WARN_ABOUT_RETURN_TYPE = YES_ERROR;
				GCC_WARN_UNDECLARED_SELECTOR = YES;
				GCC_WARN_UNINITIALIZED_AUTOS = YES_AGGRESSIVE;
				GCC_WARN_UNUSED_FUNCTION = YES;
				GCC_WARN_UNUSED_VARIABLE = YES;
				IPHONEOS_DEPLOYMENT_TARGET = 12.0;
				MTL_ENABLE_DEBUG_INFO = NO;
				MTL_FAST_MATH = YES;
				SDKROOT = iphoneos;
				SWIFT_COMPILATION_MODE = wholemodule;
				SWIFT_OPTIMIZATION_LEVEL = "-O";
				VALIDATE_PRODUCT = YES;
			};
			name = Release;
		};
		D6A97F5C2175CEF600EC7AAB /* Debug */ = {
			isa = XCBuildConfiguration;
			baseConfigurationReference = 582DBD839C624B2FA1146A81 /* Pods-AR Drawing.debug.xcconfig */;
			buildSettings = {
				ASSETCATALOG_COMPILER_APPICON_NAME = AppIcon;
				CODE_SIGN_STYLE = Automatic;
				DEVELOPMENT_TEAM = PX3VYSRU6G;
				INFOPLIST_FILE = "$(SRCROOT)/AR Drawing/Info.plist";
				LD_RUNPATH_SEARCH_PATHS = (
					"$(inherited)",
					"@executable_path/Frameworks",
				);
				PRODUCT_BUNDLE_IDENTIFIER = com.azumuta.ARDrawing;
				PRODUCT_NAME = "$(TARGET_NAME)";
				SWIFT_VERSION = 4.2;
				TARGETED_DEVICE_FAMILY = "1,2";
			};
			name = Debug;
		};
		D6A97F5D2175CEF600EC7AAB /* Release */ = {
			isa = XCBuildConfiguration;
			baseConfigurationReference = F59F0BF50DD75A1461100350 /* Pods-AR Drawing.release.xcconfig */;
			buildSettings = {
				ASSETCATALOG_COMPILER_APPICON_NAME = AppIcon;
				CODE_SIGN_STYLE = Automatic;
				DEVELOPMENT_TEAM = PX3VYSRU6G;
				INFOPLIST_FILE = "$(SRCROOT)/AR Drawing/Info.plist";
				LD_RUNPATH_SEARCH_PATHS = (
					"$(inherited)",
					"@executable_path/Frameworks",
				);
				PRODUCT_BUNDLE_IDENTIFIER = com.azumuta.ARDrawing;
				PRODUCT_NAME = "$(TARGET_NAME)";
				SWIFT_VERSION = 4.2;
				TARGETED_DEVICE_FAMILY = "1,2";
			};
			name = Release;
		};
/* End XCBuildConfiguration section */

/* Begin XCConfigurationList section */
		D6A97F422175CEF600EC7AAB /* Build configuration list for PBXProject "AR Drawing" */ = {
			isa = XCConfigurationList;
			buildConfigurations = (
				D6A97F592175CEF600EC7AAB /* Debug */,
				D6A97F5A2175CEF600EC7AAB /* Release */,
			);
			defaultConfigurationIsVisible = 0;
			defaultConfigurationName = Release;
		};
		D6A97F5B2175CEF600EC7AAB /* Build configuration list for PBXNativeTarget "AR Drawing" */ = {
			isa = XCConfigurationList;
			buildConfigurations = (
				D6A97F5C2175CEF600EC7AAB /* Debug */,
				D6A97F5D2175CEF600EC7AAB /* Release */,
			);
			defaultConfigurationIsVisible = 0;
			defaultConfigurationName = Release;
		};
/* End XCConfigurationList section */
	};
	rootObject = D6A97F3F2175CEF600EC7AAB /* Project object */;
}
